
Microsoft Visual Studio Solution File, Format Version 12.00
# Visual Studio 14
VisualStudioVersion = 14.0.25420.1
MinimumVisualStudioVersion = 10.0.40219.1
Project("{F184B08F-C81C-45F6-A57F-5ABD9991F28F}") = "EntityF", "EntityF\EntityF.vbproj", "{3B232451-C6B9-43FB-836A-3449A4FBA1E4}"
EndProject
Project("{F184B08F-C81C-45F6-A57F-5ABD9991F28F}") = "EF_DAL", "EF_DAL\EF_DAL.vbproj", "{7718E413-F727-4458-866F-D0A4DB5E6A3F}"
EndProject
Global
	GlobalSection(SolutionConfigurationPlatforms) = preSolution
		Debug|Any CPU = Debug|Any CPU
		Release|Any CPU = Release|Any CPU
	EndGlobalSection
	GlobalSection(ProjectConfigurationPlatforms) = postSolution
		{3B232451-C6B9-43FB-836A-3449A4FBA1E4}.Debug|Any CPU.ActiveCfg = Debug|Any CPU
		{3B232451-C6B9-43FB-836A-3449A4FBA1E4}.Debug|Any CPU.Build.0 = Debug|Any CPU
		{3B232451-C6B9-43FB-836A-3449A4FBA1E4}.Release|Any CPU.ActiveCfg = Release|Any CPU
		{3B232451-C6B9-43FB-836A-3449A4FBA1E4}.Release|Any CPU.Build.0 = Release|Any CPU
		{7718E413-F727-4458-866F-D0A4DB5E6A3F}.Debug|Any CPU.ActiveCfg = Debug|Any CPU
		{7718E413-F727-4458-866F-D0A4DB5E6A3F}.Debug|Any CPU.Build.0 = Debug|Any CPU
		{7718E413-F727-4458-866F-D0A4DB5E6A3F}.Release|Any CPU.ActiveCfg = Release|Any CPU
		{7718E413-F727-4458-866F-D0A4DB5E6A3F}.Release|Any CPU.Build.0 = Release|Any CPU
	EndGlobalSection
	GlobalSection(SolutionProperties) = preSolution
		HideSolutionNode = FALSE
	EndGlobalSection
EndGlobal
