
Microsoft Visual Studio Solution File, Format Version 12.00
# Visual Studio 14
VisualStudioVersion = 14.0.25420.1
MinimumVisualStudioVersion = 10.0.40219.1
Project("{F184B08F-C81C-45F6-A57F-5ABD9991F28F}") = "interForms", "interForms\interForms.vbproj", "{D9860B55-CFA9-4A8B-AD9A-654E5A6842E4}"
EndProject
Global
	GlobalSection(SolutionConfigurationPlatforms) = preSolution
		Debug|Any CPU = Debug|Any CPU
		Release|Any CPU = Release|Any CPU
	EndGlobalSection
	GlobalSection(ProjectConfigurationPlatforms) = postSolution
		{D9860B55-CFA9-4A8B-AD9A-654E5A6842E4}.Debug|Any CPU.ActiveCfg = Debug|Any CPU
		{D9860B55-CFA9-4A8B-AD9A-654E5A6842E4}.Debug|Any CPU.Build.0 = Debug|Any CPU
		{D9860B55-CFA9-4A8B-AD9A-654E5A6842E4}.Release|Any CPU.ActiveCfg = Release|Any CPU
		{D9860B55-CFA9-4A8B-AD9A-654E5A6842E4}.Release|Any CPU.Build.0 = Release|Any CPU
	EndGlobalSection
	GlobalSection(SolutionProperties) = preSolution
		HideSolutionNode = FALSE
	EndGlobalSection
EndGlobal
